
Microsoft Visual Studio Solution File, Format Version 12.00
# Visual Studio Version 17
VisualStudioVersion = 17.9.34902.65
MinimumVisualStudioVersion = 10.0.40219.1
Project("{FAE04EC0-301F-11D3-BF4B-00C04F79EFBC}") = "StelsExpandedStardew", "StelsExpandedStardew\StelsExpandedStardew.csproj", "{D75EE997-AED3-45DC-A1B4-4750D5A9A689}"
EndProject
Global
	GlobalSection(SolutionConfigurationPlatforms) = preSolution
		Debug|Any CPU = Debug|Any CPU
		Release|Any CPU = Release|Any CPU
	EndGlobalSection
	GlobalSection(ProjectConfigurationPlatforms) = postSolution
		{D75EE997-AED3-45DC-A1B4-4750D5A9A689}.Debug|Any CPU.ActiveCfg = Debug|Any CPU
		{D75EE997-AED3-45DC-A1B4-4750D5A9A689}.Debug|Any CPU.Build.0 = Debug|Any CPU
		{D75EE997-AED3-45DC-A1B4-4750D5A9A689}.Release|Any CPU.ActiveCfg = Release|Any CPU
		{D75EE997-AED3-45DC-A1B4-4750D5A9A689}.Release|Any CPU.Build.0 = Release|Any CPU
	EndGlobalSection
	GlobalSection(SolutionProperties) = preSolution
		HideSolutionNode = FALSE
	EndGlobalSection
	GlobalSection(ExtensibilityGlobals) = postSolution
		SolutionGuid = {52FBFD78-DD60-4AAD-80EF-C12FF6452A66}
	EndGlobalSection
EndGlobal
